
Microsoft Visual Studio Solution File, Format Version 12.00
# Visual Studio 15
VisualStudioVersion = 15.0.27130.2026
MinimumVisualStudioVersion = 10.0.40219.1
Project("{FAE04EC0-301F-11D3-BF4B-00C04F79EFBC}") = "TicketSite", "TicketSite\TicketSite.csproj", "{5BE8A823-A71D-4731-BA94-D64FBD57536E}"
EndProject
Project("{FAE04EC0-301F-11D3-BF4B-00C04F79EFBC}") = "TicketSite.Tests", "TicketSite.Tests\TicketSite.Tests.csproj", "{B1FB4593-D871-4F05-8641-F27C7B10755D}"
EndProject
Global
	GlobalSection(SolutionConfigurationPlatforms) = preSolution
		Debug|Any CPU = Debug|Any CPU
		Release|Any CPU = Release|Any CPU
	EndGlobalSection
	GlobalSection(ProjectConfigurationPlatforms) = postSolution
		{5BE8A823-A71D-4731-BA94-D64FBD57536E}.Debug|Any CPU.ActiveCfg = Debug|Any CPU
		{5BE8A823-A71D-4731-BA94-D64FBD57536E}.Debug|Any CPU.Build.0 = Debug|Any CPU
		{5BE8A823-A71D-4731-BA94-D64FBD57536E}.Release|Any CPU.ActiveCfg = Release|Any CPU
		{5BE8A823-A71D-4731-BA94-D64FBD57536E}.Release|Any CPU.Build.0 = Release|Any CPU
		{B1FB4593-D871-4F05-8641-F27C7B10755D}.Debug|Any CPU.ActiveCfg = Debug|Any CPU
		{B1FB4593-D871-4F05-8641-F27C7B10755D}.Debug|Any CPU.Build.0 = Debug|Any CPU
		{B1FB4593-D871-4F05-8641-F27C7B10755D}.Release|Any CPU.ActiveCfg = Release|Any CPU
		{B1FB4593-D871-4F05-8641-F27C7B10755D}.Release|Any CPU.Build.0 = Release|Any CPU
	EndGlobalSection
	GlobalSection(SolutionProperties) = preSolution
		HideSolutionNode = FALSE
	EndGlobalSection
	GlobalSection(ExtensibilityGlobals) = postSolution
		SolutionGuid = {EF5BBDBA-E34C-44FE-ACCB-2EEF351F3C79}
	EndGlobalSection
EndGlobal
